
Microsoft Visual Studio Solution File, Format Version 12.00
# Visual Studio Version 17
VisualStudioVersion = 17.14.36310.24 d17.14
MinimumVisualStudioVersion = 10.0.40219.1
Project("{FAE04EC0-301F-11D3-BF4B-00C04F79EFBC}") = "UnitTestCourse", "UnitTestCourse\UnitTestCourse.csproj", "{5406C092-8A25-49EE-987D-C686D9CF5338}"
EndProject
Project("{FAE04EC0-301F-11D3-BF4B-00C04F79EFBC}") = "NetworkUtility.Tests", "NetworkUtility.Tests\NetworkUtility.Tests.csproj", "{673544A9-DBAA-407F-96C4-E5D607D9A8EC}"
EndProject
Global
	GlobalSection(SolutionConfigurationPlatforms) = preSolution
		Debug|Any CPU = Debug|Any CPU
		Release|Any CPU = Release|Any CPU
	EndGlobalSection
	GlobalSection(ProjectConfigurationPlatforms) = postSolution
		{5406C092-8A25-49EE-987D-C686D9CF5338}.Debug|Any CPU.ActiveCfg = Debug|Any CPU
		{5406C092-8A25-49EE-987D-C686D9CF5338}.Debug|Any CPU.Build.0 = Debug|Any CPU
		{5406C092-8A25-49EE-987D-C686D9CF5338}.Release|Any CPU.ActiveCfg = Release|Any CPU
		{5406C092-8A25-49EE-987D-C686D9CF5338}.Release|Any CPU.Build.0 = Release|Any CPU
		{673544A9-DBAA-407F-96C4-E5D607D9A8EC}.Debug|Any CPU.ActiveCfg = Debug|Any CPU
		{673544A9-DBAA-407F-96C4-E5D607D9A8EC}.Debug|Any CPU.Build.0 = Debug|Any CPU
		{673544A9-DBAA-407F-96C4-E5D607D9A8EC}.Release|Any CPU.ActiveCfg = Release|Any CPU
		{673544A9-DBAA-407F-96C4-E5D607D9A8EC}.Release|Any CPU.Build.0 = Release|Any CPU
	EndGlobalSection
	GlobalSection(SolutionProperties) = preSolution
		HideSolutionNode = FALSE
	EndGlobalSection
	GlobalSection(ExtensibilityGlobals) = postSolution
		SolutionGuid = {C11B8213-0CEB-49FA-A6ED-68363A8E3CFD}
	EndGlobalSection
EndGlobal
